
Microsoft Visual Studio Solution File, Format Version 12.00
# Visual Studio Version 17
VisualStudioVersion = 17.9.34607.119
MinimumVisualStudioVersion = 10.0.40219.1
Project("{9A19103F-16F7-4668-BE54-9A1E7A4F7556}") = "ViajeColombia.DataAccess", "ViajeColombiaAPI.DataAccess\ViajeColombia.DataAccess.csproj", "{CF57C182-2DBD-4730-9E45-C34017C7FFE3}"
EndProject
Project("{9A19103F-16F7-4668-BE54-9A1E7A4F7556}") = "ViajeColombia.BussinesLogic", "ViajeColombia.BussinesLogic\ViajeColombia.BussinesLogic.csproj", "{2FA33F95-D8D8-4CBA-9587-6AA91718974C}"
EndProject
Project("{9A19103F-16F7-4668-BE54-9A1E7A4F7556}") = "ViajeColombia.API", "ViajeColombia.API\ViajeColombia.API.csproj", "{543C1E63-CF69-4462-8720-7E8C36022F48}"
EndProject
Project("{9A19103F-16F7-4668-BE54-9A1E7A4F7556}") = "ViajeColombia.Models", "ViajeColombia.Models\ViajeColombia.Models.csproj", "{C839F9EE-8FA2-446E-A5C4-2E9B4A6639F7}"
EndProject
Project("{9A19103F-16F7-4668-BE54-9A1E7A4F7556}") = "ViajeColombia.IOC", "ViajeColombia.IOC\ViajeColombia.IOC.csproj", "{60955490-AEDD-4FF5-8B7D-C9C6CF4A79DC}"
EndProject
Project("{9A19103F-16F7-4668-BE54-9A1E7A4F7556}") = "ViajeColombia.Tests", "ViajeColombia.Tests\ViajeColombia.Tests.csproj", "{37B03EF2-8C31-4D29-9E50-32DC452E8FD7}"
EndProject
Project("{2150E333-8FDC-42A3-9474-1A3956D46DE8}") = "Elementos de la solución", "Elementos de la solución", "{24BF7666-A4E7-42CF-B6DD-0A1AD227796D}"
	ProjectSection(SolutionItems) = preProject
		nlog.config = nlog.config
	EndProjectSection
EndProject
Global
	GlobalSection(SolutionConfigurationPlatforms) = preSolution
		Debug|Any CPU = Debug|Any CPU
		Release|Any CPU = Release|Any CPU
	EndGlobalSection
	GlobalSection(ProjectConfigurationPlatforms) = postSolution
		{CF57C182-2DBD-4730-9E45-C34017C7FFE3}.Debug|Any CPU.ActiveCfg = Debug|Any CPU
		{CF57C182-2DBD-4730-9E45-C34017C7FFE3}.Debug|Any CPU.Build.0 = Debug|Any CPU
		{CF57C182-2DBD-4730-9E45-C34017C7FFE3}.Release|Any CPU.ActiveCfg = Release|Any CPU
		{CF57C182-2DBD-4730-9E45-C34017C7FFE3}.Release|Any CPU.Build.0 = Release|Any CPU
		{2FA33F95-D8D8-4CBA-9587-6AA91718974C}.Debug|Any CPU.ActiveCfg = Debug|Any CPU
		{2FA33F95-D8D8-4CBA-9587-6AA91718974C}.Debug|Any CPU.Build.0 = Debug|Any CPU
		{2FA33F95-D8D8-4CBA-9587-6AA91718974C}.Release|Any CPU.ActiveCfg = Release|Any CPU
		{2FA33F95-D8D8-4CBA-9587-6AA91718974C}.Release|Any CPU.Build.0 = Release|Any CPU
		{543C1E63-CF69-4462-8720-7E8C36022F48}.Debug|Any CPU.ActiveCfg = Debug|Any CPU
		{543C1E63-CF69-4462-8720-7E8C36022F48}.Debug|Any CPU.Build.0 = Debug|Any CPU
		{543C1E63-CF69-4462-8720-7E8C36022F48}.Release|Any CPU.ActiveCfg = Release|Any CPU
		{543C1E63-CF69-4462-8720-7E8C36022F48}.Release|Any CPU.Build.0 = Release|Any CPU
		{C839F9EE-8FA2-446E-A5C4-2E9B4A6639F7}.Debug|Any CPU.ActiveCfg = Debug|Any CPU
		{C839F9EE-8FA2-446E-A5C4-2E9B4A6639F7}.Debug|Any CPU.Build.0 = Debug|Any CPU
		{C839F9EE-8FA2-446E-A5C4-2E9B4A6639F7}.Release|Any CPU.ActiveCfg = Release|Any CPU
		{C839F9EE-8FA2-446E-A5C4-2E9B4A6639F7}.Release|Any CPU.Build.0 = Release|Any CPU
		{60955490-AEDD-4FF5-8B7D-C9C6CF4A79DC}.Debug|Any CPU.ActiveCfg = Debug|Any CPU
		{60955490-AEDD-4FF5-8B7D-C9C6CF4A79DC}.Debug|Any CPU.Build.0 = Debug|Any CPU
		{60955490-AEDD-4FF5-8B7D-C9C6CF4A79DC}.Release|Any CPU.ActiveCfg = Release|Any CPU
		{60955490-AEDD-4FF5-8B7D-C9C6CF4A79DC}.Release|Any CPU.Build.0 = Release|Any CPU
		{37B03EF2-8C31-4D29-9E50-32DC452E8FD7}.Debug|Any CPU.ActiveCfg = Debug|Any CPU
		{37B03EF2-8C31-4D29-9E50-32DC452E8FD7}.Debug|Any CPU.Build.0 = Debug|Any CPU
		{37B03EF2-8C31-4D29-9E50-32DC452E8FD7}.Release|Any CPU.ActiveCfg = Release|Any CPU
		{37B03EF2-8C31-4D29-9E50-32DC452E8FD7}.Release|Any CPU.Build.0 = Release|Any CPU
	EndGlobalSection
	GlobalSection(SolutionProperties) = preSolution
		HideSolutionNode = FALSE
	EndGlobalSection
	GlobalSection(ExtensibilityGlobals) = postSolution
		SolutionGuid = {25E86499-F44B-4325-8CC2-16C6F228D797}
	EndGlobalSection
EndGlobal
